
Microsoft Visual Studio Solution File, Format Version 12.00
# Visual Studio Version 16
VisualStudioVersion = 16.0.31424.327
MinimumVisualStudioVersion = 10.0.40219.1
Project("{9A19103F-16F7-4668-BE54-9A1E7A4F7556}") = "DataAccess", "DataAccess\DataAccess.csproj", "{D2FF7AB1-4E3A-492C-983C-CCB75C1ABAAF}"
EndProject
Project("{9A19103F-16F7-4668-BE54-9A1E7A4F7556}") = "Business", "Business\Business.csproj", "{91E43871-3830-4E56-96B3-8B29DB0A43D2}"
EndProject
Project("{9A19103F-16F7-4668-BE54-9A1E7A4F7556}") = "Entities", "Entities\Entities.csproj", "{B707BBFA-7908-4F97-B753-D098445C3FF8}"
EndProject
Project("{9A19103F-16F7-4668-BE54-9A1E7A4F7556}") = "ConsoleUI", "ConsoleUI\ConsoleUI.csproj", "{BF4CB892-A156-44F1-9863-96B25DD8FDD3}"
EndProject
Project("{9A19103F-16F7-4668-BE54-9A1E7A4F7556}") = "Core", "Core\Core.csproj", "{B55825B2-A7B5-4572-8590-43BF9BD1DF5C}"
EndProject
Project("{FAE04EC0-301F-11D3-BF4B-00C04F79EFBC}") = "WebAPI", "WebAPI\WebAPI.csproj", "{29E26576-FF24-4A04-99C8-AF3B09D82A77}"
EndProject
Global
	GlobalSection(SolutionConfigurationPlatforms) = preSolution
		Debug|Any CPU = Debug|Any CPU
		Release|Any CPU = Release|Any CPU
	EndGlobalSection
	GlobalSection(ProjectConfigurationPlatforms) = postSolution
		{D2FF7AB1-4E3A-492C-983C-CCB75C1ABAAF}.Debug|Any CPU.ActiveCfg = Debug|Any CPU
		{D2FF7AB1-4E3A-492C-983C-CCB75C1ABAAF}.Debug|Any CPU.Build.0 = Debug|Any CPU
		{D2FF7AB1-4E3A-492C-983C-CCB75C1ABAAF}.Release|Any CPU.ActiveCfg = Release|Any CPU
		{D2FF7AB1-4E3A-492C-983C-CCB75C1ABAAF}.Release|Any CPU.Build.0 = Release|Any CPU
		{91E43871-3830-4E56-96B3-8B29DB0A43D2}.Debug|Any CPU.ActiveCfg = Debug|Any CPU
		{91E43871-3830-4E56-96B3-8B29DB0A43D2}.Debug|Any CPU.Build.0 = Debug|Any CPU
		{91E43871-3830-4E56-96B3-8B29DB0A43D2}.Release|Any CPU.ActiveCfg = Release|Any CPU
		{91E43871-3830-4E56-96B3-8B29DB0A43D2}.Release|Any CPU.Build.0 = Release|Any CPU
		{B707BBFA-7908-4F97-B753-D098445C3FF8}.Debug|Any CPU.ActiveCfg = Debug|Any CPU
		{B707BBFA-7908-4F97-B753-D098445C3FF8}.Debug|Any CPU.Build.0 = Debug|Any CPU
		{B707BBFA-7908-4F97-B753-D098445C3FF8}.Release|Any CPU.ActiveCfg = Release|Any CPU
		{B707BBFA-7908-4F97-B753-D098445C3FF8}.Release|Any CPU.Build.0 = Release|Any CPU
		{BF4CB892-A156-44F1-9863-96B25DD8FDD3}.Debug|Any CPU.ActiveCfg = Debug|Any CPU
		{BF4CB892-A156-44F1-9863-96B25DD8FDD3}.Debug|Any CPU.Build.0 = Debug|Any CPU
		{BF4CB892-A156-44F1-9863-96B25DD8FDD3}.Release|Any CPU.ActiveCfg = Release|Any CPU
		{BF4CB892-A156-44F1-9863-96B25DD8FDD3}.Release|Any CPU.Build.0 = Release|Any CPU
		{B55825B2-A7B5-4572-8590-43BF9BD1DF5C}.Debug|Any CPU.ActiveCfg = Debug|Any CPU
		{B55825B2-A7B5-4572-8590-43BF9BD1DF5C}.Debug|Any CPU.Build.0 = Debug|Any CPU
		{B55825B2-A7B5-4572-8590-43BF9BD1DF5C}.Release|Any CPU.ActiveCfg = Release|Any CPU
		{B55825B2-A7B5-4572-8590-43BF9BD1DF5C}.Release|Any CPU.Build.0 = Release|Any CPU
		{29E26576-FF24-4A04-99C8-AF3B09D82A77}.Debug|Any CPU.ActiveCfg = Debug|Any CPU
		{29E26576-FF24-4A04-99C8-AF3B09D82A77}.Debug|Any CPU.Build.0 = Debug|Any CPU
		{29E26576-FF24-4A04-99C8-AF3B09D82A77}.Release|Any CPU.ActiveCfg = Release|Any CPU
		{29E26576-FF24-4A04-99C8-AF3B09D82A77}.Release|Any CPU.Build.0 = Release|Any CPU
	EndGlobalSection
	GlobalSection(SolutionProperties) = preSolution
		HideSolutionNode = FALSE
	EndGlobalSection
	GlobalSection(ExtensibilityGlobals) = postSolution
		SolutionGuid = {343A3141-A985-4E85-8071-BC90D11B18B0}
	EndGlobalSection
EndGlobal
